// !$*UTF8*$!
{
	archiveVersion = 1;
	classes = {
	};
	objectVersion = 46;
	objects = {

/* Begin PBXBuildFile section */
		234E78441D9DCA2D00947BE1 /* main.c in Sources */ = {isa = PBXBuildFile; fileRef = 234E78431D9DCA2D00947BE1 /* main.c */; };
/* End PBXBuildFile section */

/* Begin PBXCopyFilesBuildPhase section */
		234E783E1D9DCA2D00947BE1 /* CopyFiles */ = {
			isa = PBXCopyFilesBuildPhase;
			buildActionMask = 2147483647;
			dstPath = /usr/share/man/man1/;
			dstSubfolderSpec = 0;
			files = (
			);
			runOnlyForDeploymentPostprocessing = 1;
		};
/* End PBXCopyFilesBuildPhase section */

/* Begin PBXFileReference section */
		234E78401D9DCA2D00947BE1 /* CS5239-Assignment1 */ = {isa = PBXFileReference; explicitFileType = "compiled.mach-o.executable"; includeInIndex = 0; path = "CS5239-Assignment1"; sourceTree = BUILT_PRODUCTS_DIR; };
		234E78431D9DCA2D00947BE1 /* main.c */ = {isa = PBXFileReference; lastKnownFileType = sourcecode.c.c; path = main.c; sourceTree = "<group>"; };
		23C7F08B1D9E99C900BE85BC /* mm.h */ = {isa = PBXFileReference; lastKnownFileType = sourcecode.c.h; path = mm.h; sourceTree = "<group>"; };
		23DD9DC91D9DCFA300AC3A3B /* .gitignore */ = {isa = PBXFileReference; fileEncoding = 4; lastKnownFileType = text; path = .gitignore; sourceTree = "<group>"; };
/* End PBXFileReference section */

/* Begin PBXFrameworksBuildPhase section */
		234E783D1D9DCA2D00947BE1 /* Frameworks */ = {
			isa = PBXFrameworksBuildPhase;
			buildActionMask = 2147483647;
			files = (
			);
			runOnlyForDeploymentPostprocessing = 0;
		};
/* End PBXFrameworksBuildPhase section */

/* Begin PBXGroup section */
		234E78371D9DCA2D00947BE1 = {
			isa = PBXGroup;
			children = (
				23DD9DC91D9DCFA300AC3A3B /* .gitignore */,
				234E78421D9DCA2D00947BE1 /* CS5239-Assignment1 */,
				234E78411D9DCA2D00947BE1 /* Products */,
			);
			sourceTree = "<group>";
		};
		234E78411D9DCA2D00947BE1 /* Products */ = {
			isa = PBXGroup;
			children = (
				234E78401D9DCA2D00947BE1 /* CS5239-Assignment1 */,
			);
			name = Products;
			sourceTree = "<group>";
		};
		234E78421D9DCA2D00947BE1 /* CS5239-Assignment1 */ = {
			isa = PBXGroup;
			children = (
				234E78431D9DCA2D00947BE1 /* main.c */,
				23C7F08B1D9E99C900BE85BC /* mm.h */,
			);
			path = "CS5239-Assignment1";
			sourceTree = "<group>";
		};
/* End PBXGroup section */

/* Begin PBXNativeTarget section */
		234E783F1D9DCA2D00947BE1 /* CS5239-Assignment1 */ = {
			isa = PBXNativeTarget;
			buildConfigurationList = 234E78471D9DCA2D00947BE1 /* Build configuration list for PBXNativeTarget "CS5239-Assignment1" */;
			buildPhases = (
				234E783C1D9DCA2D00947BE1 /* Sources */,
				234E783D1D9DCA2D00947BE1 /* Frameworks */,
				234E783E1D9DCA2D00947BE1 /* CopyFiles */,
			);
			buildRules = (
			);
			dependencies = (
			);
			name = "CS5239-Assignment1";
			productName = "CS5239-Assignment1";
			productReference = 234E78401D9DCA2D00947BE1 /* CS5239-Assignment1 */;
			productType = "com.apple.product-type.tool";
		};
/* End PBXNativeTarget section */

/* Begin PBXProject section */
		234E78381D9DCA2D00947BE1 /* Project object */ = {
			isa = PBXProject;
			attributes = {
				LastUpgradeCheck = 0720;
				ORGANIZATIONNAME = "NUS MComp";
				TargetAttributes = {
					234E783F1D9DCA2D00947BE1 = {
						CreatedOnToolsVersion = 7.2;
					};
				};
			};
			buildConfigurationList = 234E783B1D9DCA2D00947BE1 /* Build configuration list for PBXProject "CS5239-Assignment1" */;
			compatibilityVersion = "Xcode 3.2";
			developmentRegion = English;
			hasScannedForEncodings = 0;
			knownRegions = (
				en,
			);
			mainGroup = 234E78371D9DCA2D00947BE1;
			productRefGroup = 234E78411D9DCA2D00947BE1 /* Products */;
			projectDirPath = "";
			projectRoot = "";
			targets = (
				234E783F1D9DCA2D00947BE1 /* CS5239-Assignment1 */,
			);
		};
/* End PBXProject section */

/* Begin PBXSourcesBuildPhase section */
		234E783C1D9DCA2D00947BE1 /* Sources */ = {
			isa = PBXSourcesBuildPhase;
			buildActionMask = 2147483647;
			files = (
				234E78441D9DCA2D00947BE1 /* main.c in Sources */,
			);
			runOnlyForDeploymentPostprocessing = 0;
		};
/* End PBXSourcesBuildPhase section */

/* Begin XCBuildConfiguration section */
		234E78451D9DCA2D00947BE1 /* Debug */ = {
			isa = XCBuildConfiguration;
			buildSettings = {
				ALWAYS_SEARCH_USER_PATHS = NO;
				CLANG_CXX_LANGUAGE_STANDARD = "gnu++0x";
				CLANG_CXX_LIBRARY = "libc++";
				CLANG_ENABLE_MODULES = YES;
				CLANG_ENABLE_OBJC_ARC = YES;
				CLANG_WARN_BOOL_CONVERSION = YES;
				CLANG_WARN_CONSTANT_CONVERSION = YES;
				CLANG_WARN_DIRECT_OBJC_ISA_USAGE = YES_ERROR;
				CLANG_WARN_EMPTY_BODY = YES;
				CLANG_WARN_ENUM_CONVERSION = YES;
				CLANG_WARN_INT_CONVERSION = YES;
				CLANG_WARN_OBJC_ROOT_CLASS = YES_ERROR;
				CLANG_WARN_UNREACHABLE_CODE = YES;
				CLANG_WARN__DUPLICATE_METHOD_MATCH = YES;
				CODE_SIGN_IDENTITY = "-";
				COPY_PHASE_STRIP = NO;
				DEBUG_INFORMATION_FORMAT = dwarf;
				ENABLE_STRICT_OBJC_MSGSEND = YES;
				ENABLE_TESTABILITY = YES;
				GCC_C_LANGUAGE_STANDARD = gnu99;
				GCC_DYNAMIC_NO_PIC = NO;
				GCC_NO_COMMON_BLOCKS = YES;
				GCC_OPTIMIZATION_LEVEL = 0;
				GCC_PREPROCESSOR_DEFINITIONS = (
					"DEBUG=1",
					"$(inherited)",
				);
				GCC_WARN_64_TO_32_BIT_CONVERSION = YES;
				GCC_WARN_ABOUT_RETURN_TYPE = YES_ERROR;
				GCC_WARN_UNDECLARED_SELECTOR = YES;
				GCC_WARN_UNINITIALIZED_AUTOS = YES_AGGRESSIVE;
				GCC_WARN_UNUSED_FUNCTION = YES;
				GCC_WARN_UNUSED_VARIABLE = YES;
				MACOSX_DEPLOYMENT_TARGET = 10.10;
				MTL_ENABLE_DEBUG_INFO = YES;
				ONLY_ACTIVE_ARCH = YES;
				SDKROOT = macosx;
			};
			name = Debug;
		};
		234E78461D9DCA2D00947BE1 /* Release */ = {
			isa = XCBuildConfiguration;
			buildSettings = {
				ALWAYS_SEARCH_USER_PATHS = NO;
				CLANG_CXX_LANGUAGE_STANDARD = "gnu++0x";
				CLANG_CXX_LIBRARY = "libc++";
				CLANG_ENABLE_MODULES = YES;
				CLANG_ENABLE_OBJC_ARC = YES;
				CLANG_WARN_BOOL_CONVERSION = YES;
				CLANG_WARN_CONSTANT_CONVERSION = YES;
				CLANG_WARN_DIRECT_OBJC_ISA_USAGE = YES_ERROR;
				CLANG_WARN_EMPTY_BODY = YES;
				CLANG_WARN_ENUM_CONVERSION = YES;
				CLANG_WARN_INT_CONVERSION = YES;
				CLANG_WARN_OBJC_ROOT_CLASS = YES_ERROR;
				CLANG_WARN_UNREACHABLE_CODE = YES;
				CLANG_WARN__DUPLICATE_METHOD_MATCH = YES;
				CODE_SIGN_IDENTITY = "-";
				COPY_PHASE_STRIP = NO;
				DEBUG_INFORMATION_FORMAT = "dwarf-with-dsym";
				ENABLE_NS_ASSERTIONS = NO;
				ENABLE_STRICT_OBJC_MSGSEND = YES;
				GCC_C_LANGUAGE_STANDARD = gnu99;
				GCC_NO_COMMON_BLOCKS = YES;
				GCC_WARN_64_TO_32_BIT_CONVERSION = YES;
				GCC_WARN_ABOUT_RETURN_TYPE = YES_ERROR;
				GCC_WARN_UNDECLARED_SELECTOR = YES;
				GCC_WARN_UNINITIALIZED_AUTOS = YES_AGGRESSIVE;
				GCC_WARN_UNUSED_FUNCTION = YES;
				GCC_WARN_UNUSED_VARIABLE = YES;
				MACOSX_DEPLOYMENT_TARGET = 10.10;
				MTL_ENABLE_DEBUG_INFO = NO;
				SDKROOT = macosx;
			};
			name = Release;
		};
		234E78481D9DCA2D00947BE1 /* Debug */ = {
			isa = XCBuildConfiguration;
			buildSettings = {
				PRODUCT_NAME = "$(TARGET_NAME)";
			};
			name = Debug;
		};
		234E78491D9DCA2D00947BE1 /* Release */ = {
			isa = XCBuildConfiguration;
			buildSettings = {
				PRODUCT_NAME = "$(TARGET_NAME)";
			};
			name = Release;
		};
/* End XCBuildConfiguration section */

/* Begin XCConfigurationList section */
		234E783B1D9DCA2D00947BE1 /* Build configuration list for PBXProject "CS5239-Assignment1" */ = {
			isa = XCConfigurationList;
			buildConfigurations = (
				234E78451D9DCA2D00947BE1 /* Debug */,
				234E78461D9DCA2D00947BE1 /* Release */,
			);
			defaultConfigurationIsVisible = 0;
			defaultConfigurationName = Release;
		};
		234E78471D9DCA2D00947BE1 /* Build configuration list for PBXNativeTarget "CS5239-Assignment1" */ = {
			isa = XCConfigurationList;
			buildConfigurations = (
				234E78481D9DCA2D00947BE1 /* Debug */,
				234E78491D9DCA2D00947BE1 /* Release */,
			);
			defaultConfigurationIsVisible = 0;
			defaultConfigurationName = Release;
		};
/* End XCConfigurationList section */
	};
	rootObject = 234E78381D9DCA2D00947BE1 /* Project object */;
}
